
Microsoft Visual Studio Solution File, Format Version 12.00
# Visual Studio Version 17
VisualStudioVersion = 17.11.35312.102
MinimumVisualStudioVersion = 10.0.40219.1
Project("{FAE04EC0-301F-11D3-BF4B-00C04F79EFBC}") = "FilesAndDirectories", "FilesAndDirectories\FilesAndDirectories.csproj", "{8B70B5AA-8661-4F99-BBEF-766187EEED5D}"
EndProject
Project("{FAE04EC0-301F-11D3-BF4B-00C04F79EFBC}") = "ZH", "ZH\ZH.csproj", "{E0E08896-9619-4F68-8ED5-EE8DE7025714}"
EndProject
Global
	GlobalSection(SolutionConfigurationPlatforms) = preSolution
		Debug|Any CPU = Debug|Any CPU
		Release|Any CPU = Release|Any CPU
	EndGlobalSection
	GlobalSection(ProjectConfigurationPlatforms) = postSolution
		{8B70B5AA-8661-4F99-BBEF-766187EEED5D}.Debug|Any CPU.ActiveCfg = Debug|Any CPU
		{8B70B5AA-8661-4F99-BBEF-766187EEED5D}.Debug|Any CPU.Build.0 = Debug|Any CPU
		{8B70B5AA-8661-4F99-BBEF-766187EEED5D}.Release|Any CPU.ActiveCfg = Release|Any CPU
		{8B70B5AA-8661-4F99-BBEF-766187EEED5D}.Release|Any CPU.Build.0 = Release|Any CPU
		{E0E08896-9619-4F68-8ED5-EE8DE7025714}.Debug|Any CPU.ActiveCfg = Debug|Any CPU
		{E0E08896-9619-4F68-8ED5-EE8DE7025714}.Debug|Any CPU.Build.0 = Debug|Any CPU
		{E0E08896-9619-4F68-8ED5-EE8DE7025714}.Release|Any CPU.ActiveCfg = Release|Any CPU
		{E0E08896-9619-4F68-8ED5-EE8DE7025714}.Release|Any CPU.Build.0 = Release|Any CPU
	EndGlobalSection
	GlobalSection(SolutionProperties) = preSolution
		HideSolutionNode = FALSE
	EndGlobalSection
	GlobalSection(ExtensibilityGlobals) = postSolution
		SolutionGuid = {545B278A-BF0C-4CBD-A775-D69DC349580C}
	EndGlobalSection
EndGlobal
