
Microsoft Visual Studio Solution File, Format Version 12.00
# Visual Studio Version 17
VisualStudioVersion = 17.11.35327.3
MinimumVisualStudioVersion = 10.0.40219.1
Project("{9A19103F-16F7-4668-BE54-9A1E7A4F7556}") = "ZH_A", "ZH_A\ZH_A.csproj", "{32E1A779-5021-46F9-B05C-4B4E48AB061D}"
EndProject
Project("{9A19103F-16F7-4668-BE54-9A1E7A4F7556}") = "ZH_B", "ZH_B\ZH_B.csproj", "{D18F6CAC-055A-464E-8FBA-E4CEA4A42B1E}"
EndProject
Project("{FAE04EC0-301F-11D3-BF4B-00C04F79EFBC}") = "ClassesAndMethods", "ClassesAndMethods\ClassesAndMethods.csproj", "{0EFD2010-4214-40E5-9D13-58140E3A5048}"
EndProject
Global
	GlobalSection(SolutionConfigurationPlatforms) = preSolution
		Debug|Any CPU = Debug|Any CPU
		Release|Any CPU = Release|Any CPU
	EndGlobalSection
	GlobalSection(ProjectConfigurationPlatforms) = postSolution
		{32E1A779-5021-46F9-B05C-4B4E48AB061D}.Debug|Any CPU.ActiveCfg = Debug|Any CPU
		{32E1A779-5021-46F9-B05C-4B4E48AB061D}.Debug|Any CPU.Build.0 = Debug|Any CPU
		{32E1A779-5021-46F9-B05C-4B4E48AB061D}.Release|Any CPU.ActiveCfg = Release|Any CPU
		{32E1A779-5021-46F9-B05C-4B4E48AB061D}.Release|Any CPU.Build.0 = Release|Any CPU
		{D18F6CAC-055A-464E-8FBA-E4CEA4A42B1E}.Debug|Any CPU.ActiveCfg = Debug|Any CPU
		{D18F6CAC-055A-464E-8FBA-E4CEA4A42B1E}.Debug|Any CPU.Build.0 = Debug|Any CPU
		{D18F6CAC-055A-464E-8FBA-E4CEA4A42B1E}.Release|Any CPU.ActiveCfg = Release|Any CPU
		{D18F6CAC-055A-464E-8FBA-E4CEA4A42B1E}.Release|Any CPU.Build.0 = Release|Any CPU
		{0EFD2010-4214-40E5-9D13-58140E3A5048}.Debug|Any CPU.ActiveCfg = Debug|Any CPU
		{0EFD2010-4214-40E5-9D13-58140E3A5048}.Debug|Any CPU.Build.0 = Debug|Any CPU
		{0EFD2010-4214-40E5-9D13-58140E3A5048}.Release|Any CPU.ActiveCfg = Release|Any CPU
		{0EFD2010-4214-40E5-9D13-58140E3A5048}.Release|Any CPU.Build.0 = Release|Any CPU
	EndGlobalSection
	GlobalSection(SolutionProperties) = preSolution
		HideSolutionNode = FALSE
	EndGlobalSection
	GlobalSection(ExtensibilityGlobals) = postSolution
		SolutionGuid = {EA5A3EC5-54A8-4856-9502-08351281E129}
	EndGlobalSection
EndGlobal
